// !$*UTF8*$!
{
	archiveVersion = 1;
	classes = {
	};
	objectVersion = 56;
	objects = {

/* Begin PBXBuildFile section */
		A20FEC7B29ED4EF20095ED1D /* AfricaApp.swift in Sources */ = {isa = PBXBuildFile; fileRef = A20FEC7A29ED4EF20095ED1D /* AfricaApp.swift */; };
		A20FEC7D29ED4EF20095ED1D /* ContentView.swift in Sources */ = {isa = PBXBuildFile; fileRef = A20FEC7C29ED4EF20095ED1D /* ContentView.swift */; };
		A20FEC7F29ED4EF40095ED1D /* Assets.xcassets in Resources */ = {isa = PBXBuildFile; fileRef = A20FEC7E29ED4EF40095ED1D /* Assets.xcassets */; };
		A20FEC8229ED4EF40095ED1D /* Preview Assets.xcassets in Resources */ = {isa = PBXBuildFile; fileRef = A20FEC8129ED4EF40095ED1D /* Preview Assets.xcassets */; };
		A20FEC9329ED54200095ED1D /* zebra.mp4 in Resources */ = {isa = PBXBuildFile; fileRef = A20FEC8929ED541D0095ED1D /* zebra.mp4 */; };
		A20FEC9429ED54200095ED1D /* giraffe.mp4 in Resources */ = {isa = PBXBuildFile; fileRef = A20FEC8A29ED541E0095ED1D /* giraffe.mp4 */; };
		A20FEC9529ED54200095ED1D /* gorilla.mp4 in Resources */ = {isa = PBXBuildFile; fileRef = A20FEC8B29ED541E0095ED1D /* gorilla.mp4 */; };
		A20FEC9629ED54200095ED1D /* elephant.mp4 in Resources */ = {isa = PBXBuildFile; fileRef = A20FEC8C29ED541E0095ED1D /* elephant.mp4 */; };
		A20FEC9729ED54200095ED1D /* lioness.mp4 in Resources */ = {isa = PBXBuildFile; fileRef = A20FEC8D29ED541F0095ED1D /* lioness.mp4 */; };
		A20FEC9829ED54200095ED1D /* cheetah.mp4 in Resources */ = {isa = PBXBuildFile; fileRef = A20FEC8E29ED541F0095ED1D /* cheetah.mp4 */; };
		A20FEC9929ED54200095ED1D /* hippo.mp4 in Resources */ = {isa = PBXBuildFile; fileRef = A20FEC8F29ED541F0095ED1D /* hippo.mp4 */; };
		A20FEC9A29ED54200095ED1D /* ostrich.mp4 in Resources */ = {isa = PBXBuildFile; fileRef = A20FEC9029ED54200095ED1D /* ostrich.mp4 */; };
		A20FEC9B29ED54200095ED1D /* lion.mp4 in Resources */ = {isa = PBXBuildFile; fileRef = A20FEC9129ED54200095ED1D /* lion.mp4 */; };
		A20FEC9C29ED54200095ED1D /* rhino.mp4 in Resources */ = {isa = PBXBuildFile; fileRef = A20FEC9229ED54200095ED1D /* rhino.mp4 */; };
		A20FECA229ED54600095ED1D /* animals.json in Resources */ = {isa = PBXBuildFile; fileRef = A20FEC9E29ED545F0095ED1D /* animals.json */; };
		A20FECA329ED54600095ED1D /* locations.json in Resources */ = {isa = PBXBuildFile; fileRef = A20FEC9F29ED54600095ED1D /* locations.json */; };
		A20FECA429ED54600095ED1D /* covers.json in Resources */ = {isa = PBXBuildFile; fileRef = A20FECA029ED54600095ED1D /* covers.json */; };
		A20FECA529ED54600095ED1D /* videos.json in Resources */ = {isa = PBXBuildFile; fileRef = A20FECA129ED54600095ED1D /* videos.json */; };
		A20FECA929ED56DB0095ED1D /* VideoListView.swift in Sources */ = {isa = PBXBuildFile; fileRef = A20FECA829ED56DB0095ED1D /* VideoListView.swift */; };
		A20FECAB29ED56F30095ED1D /* MapView.swift in Sources */ = {isa = PBXBuildFile; fileRef = A20FECAA29ED56F30095ED1D /* MapView.swift */; };
		A20FECAE29ED570F0095ED1D /* GalleryView.swift in Sources */ = {isa = PBXBuildFile; fileRef = A20FECAD29ED570F0095ED1D /* GalleryView.swift */; };
		A20FECB029ED57280095ED1D /* MainView.swift in Sources */ = {isa = PBXBuildFile; fileRef = A20FECAF29ED57280095ED1D /* MainView.swift */; };
		A20FECB329ED66720095ED1D /* CoverImageView.swift in Sources */ = {isa = PBXBuildFile; fileRef = A20FECB229ED66720095ED1D /* CoverImageView.swift */; };
		A20FECB629ED68570095ED1D /* CoverImageModel.swift in Sources */ = {isa = PBXBuildFile; fileRef = A20FECB529ED68570095ED1D /* CoverImageModel.swift */; };
		A20FECB929ED822D0095ED1D /* CodableBundleExtension.swift in Sources */ = {isa = PBXBuildFile; fileRef = A20FECB829ED822D0095ED1D /* CodableBundleExtension.swift */; };
		A20FECBB29ED8AC00095ED1D /* AnimalListItemView.swift in Sources */ = {isa = PBXBuildFile; fileRef = A20FECBA29ED8ABF0095ED1D /* AnimalListItemView.swift */; };
		A20FECBD29ED8E210095ED1D /* AnimalModel.swift in Sources */ = {isa = PBXBuildFile; fileRef = A20FECBC29ED8E210095ED1D /* AnimalModel.swift */; };
		A20FECBF29EE6A840095ED1D /* AnimalDetailView.swift in Sources */ = {isa = PBXBuildFile; fileRef = A20FECBE29EE6A840095ED1D /* AnimalDetailView.swift */; };
		A20FECC129EE70BA0095ED1D /* HeadingView.swift in Sources */ = {isa = PBXBuildFile; fileRef = A20FECC029EE70BA0095ED1D /* HeadingView.swift */; };
		A20FECC329EE78720095ED1D /* InsetGalleryView.swift in Sources */ = {isa = PBXBuildFile; fileRef = A20FECC229EE78720095ED1D /* InsetGalleryView.swift */; };
		A20FECC529EE9DB60095ED1D /* InsetFactView.swift in Sources */ = {isa = PBXBuildFile; fileRef = A20FECC429EE9DB60095ED1D /* InsetFactView.swift */; };
		A20FECC729EEA8B10095ED1D /* InsetMapView.swift in Sources */ = {isa = PBXBuildFile; fileRef = A20FECC629EEA8B10095ED1D /* InsetMapView.swift */; };
		A20FECC929EEC3260095ED1D /* ExternalWebLinkView.swift in Sources */ = {isa = PBXBuildFile; fileRef = A20FECC829EEC3260095ED1D /* ExternalWebLinkView.swift */; };
		A20FECCB29EED50B0095ED1D /* VideoModel.swift in Sources */ = {isa = PBXBuildFile; fileRef = A20FECCA29EED50B0095ED1D /* VideoModel.swift */; };
		A20FECCD29EED5880095ED1D /* VideoListItemView.swift in Sources */ = {isa = PBXBuildFile; fileRef = A20FECCC29EED5880095ED1D /* VideoListItemView.swift */; };
		A20FECCF29EF0C7E0095ED1D /* VideoPlayerView.swift in Sources */ = {isa = PBXBuildFile; fileRef = A20FECCE29EF0C7E0095ED1D /* VideoPlayerView.swift */; };
		A20FECD229EF0DA10095ED1D /* VideoPlayerHelper.swift in Sources */ = {isa = PBXBuildFile; fileRef = A20FECD129EF0DA10095ED1D /* VideoPlayerHelper.swift */; };
/* End PBXBuildFile section */

/* Begin PBXFileReference section */
		A20FEC7729ED4EF20095ED1D /* Africa.app */ = {isa = PBXFileReference; explicitFileType = wrapper.application; includeInIndex = 0; path = Africa.app; sourceTree = BUILT_PRODUCTS_DIR; };
		A20FEC7A29ED4EF20095ED1D /* AfricaApp.swift */ = {isa = PBXFileReference; lastKnownFileType = sourcecode.swift; path = AfricaApp.swift; sourceTree = "<group>"; };
		A20FEC7C29ED4EF20095ED1D /* ContentView.swift */ = {isa = PBXFileReference; lastKnownFileType = sourcecode.swift; path = ContentView.swift; sourceTree = "<group>"; };
		A20FEC7E29ED4EF40095ED1D /* Assets.xcassets */ = {isa = PBXFileReference; lastKnownFileType = folder.assetcatalog; path = Assets.xcassets; sourceTree = "<group>"; };
		A20FEC8129ED4EF40095ED1D /* Preview Assets.xcassets */ = {isa = PBXFileReference; lastKnownFileType = folder.assetcatalog; path = "Preview Assets.xcassets"; sourceTree = "<group>"; };
		A20FEC8929ED541D0095ED1D /* zebra.mp4 */ = {isa = PBXFileReference; lastKnownFileType = file; path = zebra.mp4; sourceTree = "<group>"; };
		A20FEC8A29ED541E0095ED1D /* giraffe.mp4 */ = {isa = PBXFileReference; lastKnownFileType = file; path = giraffe.mp4; sourceTree = "<group>"; };
		A20FEC8B29ED541E0095ED1D /* gorilla.mp4 */ = {isa = PBXFileReference; lastKnownFileType = file; path = gorilla.mp4; sourceTree = "<group>"; };
		A20FEC8C29ED541E0095ED1D /* elephant.mp4 */ = {isa = PBXFileReference; lastKnownFileType = file; path = elephant.mp4; sourceTree = "<group>"; };
		A20FEC8D29ED541F0095ED1D /* lioness.mp4 */ = {isa = PBXFileReference; lastKnownFileType = file; path = lioness.mp4; sourceTree = "<group>"; };
		A20FEC8E29ED541F0095ED1D /* cheetah.mp4 */ = {isa = PBXFileReference; lastKnownFileType = file; path = cheetah.mp4; sourceTree = "<group>"; };
		A20FEC8F29ED541F0095ED1D /* hippo.mp4 */ = {isa = PBXFileReference; lastKnownFileType = file; path = hippo.mp4; sourceTree = "<group>"; };
		A20FEC9029ED54200095ED1D /* ostrich.mp4 */ = {isa = PBXFileReference; lastKnownFileType = file; path = ostrich.mp4; sourceTree = "<group>"; };
		A20FEC9129ED54200095ED1D /* lion.mp4 */ = {isa = PBXFileReference; lastKnownFileType = file; path = lion.mp4; sourceTree = "<group>"; };
		A20FEC9229ED54200095ED1D /* rhino.mp4 */ = {isa = PBXFileReference; lastKnownFileType = file; path = rhino.mp4; sourceTree = "<group>"; };
		A20FEC9E29ED545F0095ED1D /* animals.json */ = {isa = PBXFileReference; fileEncoding = 4; lastKnownFileType = text.json; path = animals.json; sourceTree = "<group>"; };
		A20FEC9F29ED54600095ED1D /* locations.json */ = {isa = PBXFileReference; fileEncoding = 4; lastKnownFileType = text.json; path = locations.json; sourceTree = "<group>"; };
		A20FECA029ED54600095ED1D /* covers.json */ = {isa = PBXFileReference; fileEncoding = 4; lastKnownFileType = text.json; path = covers.json; sourceTree = "<group>"; };
		A20FECA129ED54600095ED1D /* videos.json */ = {isa = PBXFileReference; fileEncoding = 4; lastKnownFileType = text.json; path = videos.json; sourceTree = "<group>"; };
		A20FECA629ED557F0095ED1D /* Info.plist */ = {isa = PBXFileReference; lastKnownFileType = text.plist; path = Info.plist; sourceTree = "<group>"; };
		A20FECA829ED56DB0095ED1D /* VideoListView.swift */ = {isa = PBXFileReference; lastKnownFileType = sourcecode.swift; path = VideoListView.swift; sourceTree = "<group>"; };
		A20FECAA29ED56F30095ED1D /* MapView.swift */ = {isa = PBXFileReference; lastKnownFileType = sourcecode.swift; path = MapView.swift; sourceTree = "<group>"; };
		A20FECAD29ED570F0095ED1D /* GalleryView.swift */ = {isa = PBXFileReference; lastKnownFileType = sourcecode.swift; path = GalleryView.swift; sourceTree = "<group>"; };
		A20FECAF29ED57280095ED1D /* MainView.swift */ = {isa = PBXFileReference; lastKnownFileType = sourcecode.swift; path = MainView.swift; sourceTree = "<group>"; };
		A20FECB229ED66720095ED1D /* CoverImageView.swift */ = {isa = PBXFileReference; lastKnownFileType = sourcecode.swift; path = CoverImageView.swift; sourceTree = "<group>"; };
		A20FECB529ED68570095ED1D /* CoverImageModel.swift */ = {isa = PBXFileReference; lastKnownFileType = sourcecode.swift; path = CoverImageModel.swift; sourceTree = "<group>"; };
		A20FECB829ED822D0095ED1D /* CodableBundleExtension.swift */ = {isa = PBXFileReference; lastKnownFileType = sourcecode.swift; path = CodableBundleExtension.swift; sourceTree = "<group>"; };
		A20FECBA29ED8ABF0095ED1D /* AnimalListItemView.swift */ = {isa = PBXFileReference; lastKnownFileType = sourcecode.swift; path = AnimalListItemView.swift; sourceTree = "<group>"; };
		A20FECBC29ED8E210095ED1D /* AnimalModel.swift */ = {isa = PBXFileReference; lastKnownFileType = sourcecode.swift; path = AnimalModel.swift; sourceTree = "<group>"; };
		A20FECBE29EE6A840095ED1D /* AnimalDetailView.swift */ = {isa = PBXFileReference; lastKnownFileType = sourcecode.swift; path = AnimalDetailView.swift; sourceTree = "<group>"; };
		A20FECC029EE70BA0095ED1D /* HeadingView.swift */ = {isa = PBXFileReference; lastKnownFileType = sourcecode.swift; path = HeadingView.swift; sourceTree = "<group>"; };
		A20FECC229EE78720095ED1D /* InsetGalleryView.swift */ = {isa = PBXFileReference; lastKnownFileType = sourcecode.swift; path = InsetGalleryView.swift; sourceTree = "<group>"; };
		A20FECC429EE9DB60095ED1D /* InsetFactView.swift */ = {isa = PBXFileReference; lastKnownFileType = sourcecode.swift; path = InsetFactView.swift; sourceTree = "<group>"; };
		A20FECC629EEA8B10095ED1D /* InsetMapView.swift */ = {isa = PBXFileReference; lastKnownFileType = sourcecode.swift; path = InsetMapView.swift; sourceTree = "<group>"; };
		A20FECC829EEC3260095ED1D /* ExternalWebLinkView.swift */ = {isa = PBXFileReference; lastKnownFileType = sourcecode.swift; path = ExternalWebLinkView.swift; sourceTree = "<group>"; };
		A20FECCA29EED50B0095ED1D /* VideoModel.swift */ = {isa = PBXFileReference; lastKnownFileType = sourcecode.swift; path = VideoModel.swift; sourceTree = "<group>"; };
		A20FECCC29EED5880095ED1D /* VideoListItemView.swift */ = {isa = PBXFileReference; lastKnownFileType = sourcecode.swift; path = VideoListItemView.swift; sourceTree = "<group>"; };
		A20FECCE29EF0C7E0095ED1D /* VideoPlayerView.swift */ = {isa = PBXFileReference; lastKnownFileType = sourcecode.swift; path = VideoPlayerView.swift; sourceTree = "<group>"; };
		A20FECD129EF0DA10095ED1D /* VideoPlayerHelper.swift */ = {isa = PBXFileReference; lastKnownFileType = sourcecode.swift; path = VideoPlayerHelper.swift; sourceTree = "<group>"; };
/* End PBXFileReference section */

/* Begin PBXFrameworksBuildPhase section */
		A20FEC7429ED4EF20095ED1D /* Frameworks */ = {
			isa = PBXFrameworksBuildPhase;
			buildActionMask = 2147483647;
			files = (
			);
			runOnlyForDeploymentPostprocessing = 0;
		};
/* End PBXFrameworksBuildPhase section */

/* Begin PBXGroup section */
		A20FEC6E29ED4EF20095ED1D = {
			isa = PBXGroup;
			children = (
				A20FEC7929ED4EF20095ED1D /* Africa */,
				A20FEC7829ED4EF20095ED1D /* Products */,
			);
			sourceTree = "<group>";
		};
		A20FEC7829ED4EF20095ED1D /* Products */ = {
			isa = PBXGroup;
			children = (
				A20FEC7729ED4EF20095ED1D /* Africa.app */,
			);
			name = Products;
			sourceTree = "<group>";
		};
		A20FEC7929ED4EF20095ED1D /* Africa */ = {
			isa = PBXGroup;
			children = (
				A20FECD029EF0D8C0095ED1D /* Utility */,
				A20FECB729ED82090095ED1D /* Extension */,
				A20FECB429ED68450095ED1D /* Model */,
				A20FECB129ED66610095ED1D /* View */,
				A20FECA629ED557F0095ED1D /* Info.plist */,
				A20FEC9D29ED54440095ED1D /* Data */,
				A20FEC8829ED53DB0095ED1D /* Video */,
				A20FECA729ED56890095ED1D /* App */,
				A20FEC7E29ED4EF40095ED1D /* Assets.xcassets */,
				A20FEC8029ED4EF40095ED1D /* Preview Content */,
			);
			path = Africa;
			sourceTree = "<group>";
		};
		A20FEC8029ED4EF40095ED1D /* Preview Content */ = {
			isa = PBXGroup;
			children = (
				A20FEC8129ED4EF40095ED1D /* Preview Assets.xcassets */,
			);
			path = "Preview Content";
			sourceTree = "<group>";
		};
		A20FEC8829ED53DB0095ED1D /* Video */ = {
			isa = PBXGroup;
			children = (
				A20FEC8E29ED541F0095ED1D /* cheetah.mp4 */,
				A20FEC8C29ED541E0095ED1D /* elephant.mp4 */,
				A20FEC8A29ED541E0095ED1D /* giraffe.mp4 */,
				A20FEC8B29ED541E0095ED1D /* gorilla.mp4 */,
				A20FEC8F29ED541F0095ED1D /* hippo.mp4 */,
				A20FEC9129ED54200095ED1D /* lion.mp4 */,
				A20FEC8D29ED541F0095ED1D /* lioness.mp4 */,
				A20FEC9029ED54200095ED1D /* ostrich.mp4 */,
				A20FEC9229ED54200095ED1D /* rhino.mp4 */,
				A20FEC8929ED541D0095ED1D /* zebra.mp4 */,
			);
			path = Video;
			sourceTree = "<group>";
		};
		A20FEC9D29ED54440095ED1D /* Data */ = {
			isa = PBXGroup;
			children = (
				A20FEC9E29ED545F0095ED1D /* animals.json */,
				A20FECA029ED54600095ED1D /* covers.json */,
				A20FEC9F29ED54600095ED1D /* locations.json */,
				A20FECA129ED54600095ED1D /* videos.json */,
			);
			path = Data;
			sourceTree = "<group>";
		};
		A20FECA729ED56890095ED1D /* App */ = {
			isa = PBXGroup;
			children = (
				A20FEC7A29ED4EF20095ED1D /* AfricaApp.swift */,
				A20FEC7C29ED4EF20095ED1D /* ContentView.swift */,
				A20FECA829ED56DB0095ED1D /* VideoListView.swift */,
				A20FECAA29ED56F30095ED1D /* MapView.swift */,
				A20FECAD29ED570F0095ED1D /* GalleryView.swift */,
				A20FECAF29ED57280095ED1D /* MainView.swift */,
			);
			path = App;
			sourceTree = "<group>";
		};
		A20FECB129ED66610095ED1D /* View */ = {
			isa = PBXGroup;
			children = (
				A20FECB229ED66720095ED1D /* CoverImageView.swift */,
				A20FECBA29ED8ABF0095ED1D /* AnimalListItemView.swift */,
				A20FECBE29EE6A840095ED1D /* AnimalDetailView.swift */,
				A20FECC029EE70BA0095ED1D /* HeadingView.swift */,
				A20FECC229EE78720095ED1D /* InsetGalleryView.swift */,
				A20FECC429EE9DB60095ED1D /* InsetFactView.swift */,
				A20FECC629EEA8B10095ED1D /* InsetMapView.swift */,
				A20FECC829EEC3260095ED1D /* ExternalWebLinkView.swift */,
				A20FECCC29EED5880095ED1D /* VideoListItemView.swift */,
				A20FECCE29EF0C7E0095ED1D /* VideoPlayerView.swift */,
			);
			path = View;
			sourceTree = "<group>";
		};
		A20FECB429ED68450095ED1D /* Model */ = {
			isa = PBXGroup;
			children = (
				A20FECB529ED68570095ED1D /* CoverImageModel.swift */,
				A20FECBC29ED8E210095ED1D /* AnimalModel.swift */,
				A20FECCA29EED50B0095ED1D /* VideoModel.swift */,
			);
			path = Model;
			sourceTree = "<group>";
		};
		A20FECB729ED82090095ED1D /* Extension */ = {
			isa = PBXGroup;
			children = (
				A20FECB829ED822D0095ED1D /* CodableBundleExtension.swift */,
			);
			path = Extension;
			sourceTree = "<group>";
		};
		A20FECD029EF0D8C0095ED1D /* Utility */ = {
			isa = PBXGroup;
			children = (
				A20FECD129EF0DA10095ED1D /* VideoPlayerHelper.swift */,
			);
			path = Utility;
			sourceTree = "<group>";
		};
/* End PBXGroup section */

/* Begin PBXNativeTarget section */
		A20FEC7629ED4EF20095ED1D /* Africa */ = {
			isa = PBXNativeTarget;
			buildConfigurationList = A20FEC8529ED4EF40095ED1D /* Build configuration list for PBXNativeTarget "Africa" */;
			buildPhases = (
				A20FEC7329ED4EF20095ED1D /* Sources */,
				A20FEC7429ED4EF20095ED1D /* Frameworks */,
				A20FEC7529ED4EF20095ED1D /* Resources */,
			);
			buildRules = (
			);
			dependencies = (
			);
			name = Africa;
			productName = Africa;
			productReference = A20FEC7729ED4EF20095ED1D /* Africa.app */;
			productType = "com.apple.product-type.application";
		};
/* End PBXNativeTarget section */

/* Begin PBXProject section */
		A20FEC6F29ED4EF20095ED1D /* Project object */ = {
			isa = PBXProject;
			attributes = {
				BuildIndependentTargetsInParallel = 1;
				LastSwiftUpdateCheck = 1430;
				LastUpgradeCheck = 1430;
				TargetAttributes = {
					A20FEC7629ED4EF20095ED1D = {
						CreatedOnToolsVersion = 14.3;
					};
				};
			};
			buildConfigurationList = A20FEC7229ED4EF20095ED1D /* Build configuration list for PBXProject "Africa" */;
			compatibilityVersion = "Xcode 14.0";
			developmentRegion = en;
			hasScannedForEncodings = 0;
			knownRegions = (
				en,
				Base,
			);
			mainGroup = A20FEC6E29ED4EF20095ED1D;
			productRefGroup = A20FEC7829ED4EF20095ED1D /* Products */;
			projectDirPath = "";
			projectRoot = "";
			targets = (
				A20FEC7629ED4EF20095ED1D /* Africa */,
			);
		};
/* End PBXProject section */

/* Begin PBXResourcesBuildPhase section */
		A20FEC7529ED4EF20095ED1D /* Resources */ = {
			isa = PBXResourcesBuildPhase;
			buildActionMask = 2147483647;
			files = (
				A20FECA329ED54600095ED1D /* locations.json in Resources */,
				A20FEC9C29ED54200095ED1D /* rhino.mp4 in Resources */,
				A20FEC8229ED4EF40095ED1D /* Preview Assets.xcassets in Resources */,
				A20FEC9929ED54200095ED1D /* hippo.mp4 in Resources */,
				A20FEC9329ED54200095ED1D /* zebra.mp4 in Resources */,
				A20FEC9629ED54200095ED1D /* elephant.mp4 in Resources */,
				A20FEC9529ED54200095ED1D /* gorilla.mp4 in Resources */,
				A20FEC9829ED54200095ED1D /* cheetah.mp4 in Resources */,
				A20FECA229ED54600095ED1D /* animals.json in Resources */,
				A20FEC9429ED54200095ED1D /* giraffe.mp4 in Resources */,
				A20FECA429ED54600095ED1D /* covers.json in Resources */,
				A20FEC9729ED54200095ED1D /* lioness.mp4 in Resources */,
				A20FEC9B29ED54200095ED1D /* lion.mp4 in Resources */,
				A20FECA529ED54600095ED1D /* videos.json in Resources */,
				A20FEC9A29ED54200095ED1D /* ostrich.mp4 in Resources */,
				A20FEC7F29ED4EF40095ED1D /* Assets.xcassets in Resources */,
			);
			runOnlyForDeploymentPostprocessing = 0;
		};
/* End PBXResourcesBuildPhase section */

/* Begin PBXSourcesBuildPhase section */
		A20FEC7329ED4EF20095ED1D /* Sources */ = {
			isa = PBXSourcesBuildPhase;
			buildActionMask = 2147483647;
			files = (
				A20FEC7D29ED4EF20095ED1D /* ContentView.swift in Sources */,
				A20FECBB29ED8AC00095ED1D /* AnimalListItemView.swift in Sources */,
				A20FECB029ED57280095ED1D /* MainView.swift in Sources */,
				A20FECC529EE9DB60095ED1D /* InsetFactView.swift in Sources */,
				A20FECB329ED66720095ED1D /* CoverImageView.swift in Sources */,
				A20FECB629ED68570095ED1D /* CoverImageModel.swift in Sources */,
				A20FECBF29EE6A840095ED1D /* AnimalDetailView.swift in Sources */,
				A20FECBD29ED8E210095ED1D /* AnimalModel.swift in Sources */,
				A20FECAB29ED56F30095ED1D /* MapView.swift in Sources */,
				A20FECC729EEA8B10095ED1D /* InsetMapView.swift in Sources */,
				A20FECD229EF0DA10095ED1D /* VideoPlayerHelper.swift in Sources */,
				A20FEC7B29ED4EF20095ED1D /* AfricaApp.swift in Sources */,
				A20FECC929EEC3260095ED1D /* ExternalWebLinkView.swift in Sources */,
				A20FECA929ED56DB0095ED1D /* VideoListView.swift in Sources */,
				A20FECCB29EED50B0095ED1D /* VideoModel.swift in Sources */,
				A20FECAE29ED570F0095ED1D /* GalleryView.swift in Sources */,
				A20FECC329EE78720095ED1D /* InsetGalleryView.swift in Sources */,
				A20FECCD29EED5880095ED1D /* VideoListItemView.swift in Sources */,
				A20FECB929ED822D0095ED1D /* CodableBundleExtension.swift in Sources */,
				A20FECC129EE70BA0095ED1D /* HeadingView.swift in Sources */,
				A20FECCF29EF0C7E0095ED1D /* VideoPlayerView.swift in Sources */,
			);
			runOnlyForDeploymentPostprocessing = 0;
		};
/* End PBXSourcesBuildPhase section */

/* Begin XCBuildConfiguration section */
		A20FEC8329ED4EF40095ED1D /* Debug */ = {
			isa = XCBuildConfiguration;
			buildSettings = {
				ALWAYS_SEARCH_USER_PATHS = NO;
				CLANG_ANALYZER_NONNULL = YES;
				CLANG_ANALYZER_NUMBER_OBJECT_CONVERSION = YES_AGGRESSIVE;
				CLANG_CXX_LANGUAGE_STANDARD = "gnu++20";
				CLANG_ENABLE_MODULES = YES;
				CLANG_ENABLE_OBJC_ARC = YES;
				CLANG_ENABLE_OBJC_WEAK = YES;
				CLANG_WARN_BLOCK_CAPTURE_AUTORELEASING = YES;
				CLANG_WARN_BOOL_CONVERSION = YES;
				CLANG_WARN_COMMA = YES;
				CLANG_WARN_CONSTANT_CONVERSION = YES;
				CLANG_WARN_DEPRECATED_OBJC_IMPLEMENTATIONS = YES;
				CLANG_WARN_DIRECT_OBJC_ISA_USAGE = YES_ERROR;
				CLANG_WARN_DOCUMENTATION_COMMENTS = YES;
				CLANG_WARN_EMPTY_BODY = YES;
				CLANG_WARN_ENUM_CONVERSION = YES;
				CLANG_WARN_INFINITE_RECURSION = YES;
				CLANG_WARN_INT_CONVERSION = YES;
				CLANG_WARN_NON_LITERAL_NULL_CONVERSION = YES;
				CLANG_WARN_OBJC_IMPLICIT_RETAIN_SELF = YES;
				CLANG_WARN_OBJC_LITERAL_CONVERSION = YES;
				CLANG_WARN_OBJC_ROOT_CLASS = YES_ERROR;
				CLANG_WARN_QUOTED_INCLUDE_IN_FRAMEWORK_HEADER = YES;
				CLANG_WARN_RANGE_LOOP_ANALYSIS = YES;
				CLANG_WARN_STRICT_PROTOTYPES = YES;
				CLANG_WARN_SUSPICIOUS_MOVE = YES;
				CLANG_WARN_UNGUARDED_AVAILABILITY = YES_AGGRESSIVE;
				CLANG_WARN_UNREACHABLE_CODE = YES;
				CLANG_WARN__DUPLICATE_METHOD_MATCH = YES;
				COPY_PHASE_STRIP = NO;
				DEBUG_INFORMATION_FORMAT = dwarf;
				ENABLE_STRICT_OBJC_MSGSEND = YES;
				ENABLE_TESTABILITY = YES;
				GCC_C_LANGUAGE_STANDARD = gnu11;
				GCC_DYNAMIC_NO_PIC = NO;
				GCC_NO_COMMON_BLOCKS = YES;
				GCC_OPTIMIZATION_LEVEL = 0;
				GCC_PREPROCESSOR_DEFINITIONS = (
					"DEBUG=1",
					"$(inherited)",
				);
				GCC_WARN_64_TO_32_BIT_CONVERSION = YES;
				GCC_WARN_ABOUT_RETURN_TYPE = YES_ERROR;
				GCC_WARN_UNDECLARED_SELECTOR = YES;
				GCC_WARN_UNINITIALIZED_AUTOS = YES_AGGRESSIVE;
				GCC_WARN_UNUSED_FUNCTION = YES;
				GCC_WARN_UNUSED_VARIABLE = YES;
				IPHONEOS_DEPLOYMENT_TARGET = 16.4;
				MTL_ENABLE_DEBUG_INFO = INCLUDE_SOURCE;
				MTL_FAST_MATH = YES;
				ONLY_ACTIVE_ARCH = YES;
				SDKROOT = iphoneos;
				SWIFT_ACTIVE_COMPILATION_CONDITIONS = DEBUG;
				SWIFT_OPTIMIZATION_LEVEL = "-Onone";
			};
			name = Debug;
		};
		A20FEC8429ED4EF40095ED1D /* Release */ = {
			isa = XCBuildConfiguration;
			buildSettings = {
				ALWAYS_SEARCH_USER_PATHS = NO;
				CLANG_ANALYZER_NONNULL = YES;
				CLANG_ANALYZER_NUMBER_OBJECT_CONVERSION = YES_AGGRESSIVE;
				CLANG_CXX_LANGUAGE_STANDARD = "gnu++20";
				CLANG_ENABLE_MODULES = YES;
				CLANG_ENABLE_OBJC_ARC = YES;
				CLANG_ENABLE_OBJC_WEAK = YES;
				CLANG_WARN_BLOCK_CAPTURE_AUTORELEASING = YES;
				CLANG_WARN_BOOL_CONVERSION = YES;
				CLANG_WARN_COMMA = YES;
				CLANG_WARN_CONSTANT_CONVERSION = YES;
				CLANG_WARN_DEPRECATED_OBJC_IMPLEMENTATIONS = YES;
				CLANG_WARN_DIRECT_OBJC_ISA_USAGE = YES_ERROR;
				CLANG_WARN_DOCUMENTATION_COMMENTS = YES;
				CLANG_WARN_EMPTY_BODY = YES;
				CLANG_WARN_ENUM_CONVERSION = YES;
				CLANG_WARN_INFINITE_RECURSION = YES;
				CLANG_WARN_INT_CONVERSION = YES;
				CLANG_WARN_NON_LITERAL_NULL_CONVERSION = YES;
				CLANG_WARN_OBJC_IMPLICIT_RETAIN_SELF = YES;
				CLANG_WARN_OBJC_LITERAL_CONVERSION = YES;
				CLANG_WARN_OBJC_ROOT_CLASS = YES_ERROR;
				CLANG_WARN_QUOTED_INCLUDE_IN_FRAMEWORK_HEADER = YES;
				CLANG_WARN_RANGE_LOOP_ANALYSIS = YES;
				CLANG_WARN_STRICT_PROTOTYPES = YES;
				CLANG_WARN_SUSPICIOUS_MOVE = YES;
				CLANG_WARN_UNGUARDED_AVAILABILITY = YES_AGGRESSIVE;
				CLANG_WARN_UNREACHABLE_CODE = YES;
				CLANG_WARN__DUPLICATE_METHOD_MATCH = YES;
				COPY_PHASE_STRIP = NO;
				DEBUG_INFORMATION_FORMAT = "dwarf-with-dsym";
				ENABLE_NS_ASSERTIONS = NO;
				ENABLE_STRICT_OBJC_MSGSEND = YES;
				GCC_C_LANGUAGE_STANDARD = gnu11;
				GCC_NO_COMMON_BLOCKS = YES;
				GCC_WARN_64_TO_32_BIT_CONVERSION = YES;
				GCC_WARN_ABOUT_RETURN_TYPE = YES_ERROR;
				GCC_WARN_UNDECLARED_SELECTOR = YES;
				GCC_WARN_UNINITIALIZED_AUTOS = YES_AGGRESSIVE;
				GCC_WARN_UNUSED_FUNCTION = YES;
				GCC_WARN_UNUSED_VARIABLE = YES;
				IPHONEOS_DEPLOYMENT_TARGET = 16.4;
				MTL_ENABLE_DEBUG_INFO = NO;
				MTL_FAST_MATH = YES;
				SDKROOT = iphoneos;
				SWIFT_COMPILATION_MODE = wholemodule;
				SWIFT_OPTIMIZATION_LEVEL = "-O";
				VALIDATE_PRODUCT = YES;
			};
			name = Release;
		};
		A20FEC8629ED4EF40095ED1D /* Debug */ = {
			isa = XCBuildConfiguration;
			buildSettings = {
				ASSETCATALOG_COMPILER_APPICON_NAME = AppIcon;
				ASSETCATALOG_COMPILER_GLOBAL_ACCENT_COLOR_NAME = AccentColor;
				CODE_SIGN_STYLE = Automatic;
				CURRENT_PROJECT_VERSION = 1;
				DEVELOPMENT_ASSET_PATHS = "\"Africa/Preview Content\"";
				DEVELOPMENT_TEAM = LN94FRW66K;
				ENABLE_PREVIEWS = YES;
				GENERATE_INFOPLIST_FILE = YES;
				INFOPLIST_FILE = Africa/Info.plist;
				INFOPLIST_KEY_UIApplicationSceneManifest_Generation = YES;
				INFOPLIST_KEY_UIApplicationSupportsIndirectInputEvents = YES;
				INFOPLIST_KEY_UISupportedInterfaceOrientations_iPad = "UIInterfaceOrientationPortrait UIInterfaceOrientationPortraitUpsideDown UIInterfaceOrientationLandscapeLeft UIInterfaceOrientationLandscapeRight";
				INFOPLIST_KEY_UISupportedInterfaceOrientations_iPhone = "UIInterfaceOrientationPortrait UIInterfaceOrientationLandscapeLeft UIInterfaceOrientationLandscapeRight";
				INFOPLIST_KEY_UIUserInterfaceStyle = Dark;
				LD_RUNPATH_SEARCH_PATHS = (
					"$(inherited)",
					"@executable_path/Frameworks",
				);
				MARKETING_VERSION = 1.0;
				PRODUCT_BUNDLE_IDENTIFIER = com.example.pekomon.Africa;
				PRODUCT_NAME = "$(TARGET_NAME)";
				SWIFT_EMIT_LOC_STRINGS = YES;
				SWIFT_VERSION = 5.0;
				TARGETED_DEVICE_FAMILY = "1,2";
			};
			name = Debug;
		};
		A20FEC8729ED4EF40095ED1D /* Release */ = {
			isa = XCBuildConfiguration;
			buildSettings = {
				ASSETCATALOG_COMPILER_APPICON_NAME = AppIcon;
				ASSETCATALOG_COMPILER_GLOBAL_ACCENT_COLOR_NAME = AccentColor;
				CODE_SIGN_STYLE = Automatic;
				CURRENT_PROJECT_VERSION = 1;
				DEVELOPMENT_ASSET_PATHS = "\"Africa/Preview Content\"";
				DEVELOPMENT_TEAM = LN94FRW66K;
				ENABLE_PREVIEWS = YES;
				GENERATE_INFOPLIST_FILE = YES;
				INFOPLIST_FILE = Africa/Info.plist;
				INFOPLIST_KEY_UIApplicationSceneManifest_Generation = YES;
				INFOPLIST_KEY_UIApplicationSupportsIndirectInputEvents = YES;
				INFOPLIST_KEY_UISupportedInterfaceOrientations_iPad = "UIInterfaceOrientationPortrait UIInterfaceOrientationPortraitUpsideDown UIInterfaceOrientationLandscapeLeft UIInterfaceOrientationLandscapeRight";
				INFOPLIST_KEY_UISupportedInterfaceOrientations_iPhone = "UIInterfaceOrientationPortrait UIInterfaceOrientationLandscapeLeft UIInterfaceOrientationLandscapeRight";
				INFOPLIST_KEY_UIUserInterfaceStyle = Dark;
				LD_RUNPATH_SEARCH_PATHS = (
					"$(inherited)",
					"@executable_path/Frameworks",
				);
				MARKETING_VERSION = 1.0;
				PRODUCT_BUNDLE_IDENTIFIER = com.example.pekomon.Africa;
				PRODUCT_NAME = "$(TARGET_NAME)";
				SWIFT_EMIT_LOC_STRINGS = YES;
				SWIFT_VERSION = 5.0;
				TARGETED_DEVICE_FAMILY = "1,2";
			};
			name = Release;
		};
/* End XCBuildConfiguration section */

/* Begin XCConfigurationList section */
		A20FEC7229ED4EF20095ED1D /* Build configuration list for PBXProject "Africa" */ = {
			isa = XCConfigurationList;
			buildConfigurations = (
				A20FEC8329ED4EF40095ED1D /* Debug */,
				A20FEC8429ED4EF40095ED1D /* Release */,
			);
			defaultConfigurationIsVisible = 0;
			defaultConfigurationName = Release;
		};
		A20FEC8529ED4EF40095ED1D /* Build configuration list for PBXNativeTarget "Africa" */ = {
			isa = XCConfigurationList;
			buildConfigurations = (
				A20FEC8629ED4EF40095ED1D /* Debug */,
				A20FEC8729ED4EF40095ED1D /* Release */,
			);
			defaultConfigurationIsVisible = 0;
			defaultConfigurationName = Release;
		};
/* End XCConfigurationList section */
	};
	rootObject = A20FEC6F29ED4EF20095ED1D /* Project object */;
}
